
Microsoft Visual Studio Solution File, Format Version 12.00
# Visual Studio 15
VisualStudioVersion = 15.0.28307.1500
MinimumVisualStudioVersion = 10.0.40219.1
Project("{FAE04EC0-301F-11D3-BF4B-00C04F79EFBC}") = "Feedz", "Feedz\Feedz.csproj", "{466B445E-5724-44F5-B4C5-252A92FC124E}"
EndProject
Global
	GlobalSection(SolutionConfigurationPlatforms) = preSolution
		Debug|Any CPU = Debug|Any CPU
		Release|Any CPU = Release|Any CPU
	EndGlobalSection
	GlobalSection(ProjectConfigurationPlatforms) = postSolution
		{466B445E-5724-44F5-B4C5-252A92FC124E}.Debug|Any CPU.ActiveCfg = Debug|Any CPU
		{466B445E-5724-44F5-B4C5-252A92FC124E}.Debug|Any CPU.Build.0 = Debug|Any CPU
		{466B445E-5724-44F5-B4C5-252A92FC124E}.Release|Any CPU.ActiveCfg = Release|Any CPU
		{466B445E-5724-44F5-B4C5-252A92FC124E}.Release|Any CPU.Build.0 = Release|Any CPU
	EndGlobalSection
	GlobalSection(SolutionProperties) = preSolution
		HideSolutionNode = FALSE
	EndGlobalSection
	GlobalSection(ExtensibilityGlobals) = postSolution
		SolutionGuid = {A20E4C34-1498-4021-BB1B-DD2203A696AB}
	EndGlobalSection
EndGlobal
